
Microsoft Visual Studio Solution File, Format Version 12.00
# Visual Studio 2013
VisualStudioVersion = 12.0.40629.0
MinimumVisualStudioVersion = 10.0.40219.1
Project("{FAE04EC0-301F-11D3-BF4B-00C04F79EFBC}") = "Test", "Test.csproj", "{DDB59200-60E4-43F4-8AEA-DEA6E95A3F27}"
EndProject
Global
	GlobalSection(SolutionConfigurationPlatforms) = preSolution
		Debug|Any CPU = Debug|Any CPU
		Release|Any CPU = Release|Any CPU
	EndGlobalSection
	GlobalSection(ProjectConfigurationPlatforms) = postSolution
		{DDB59200-60E4-43F4-8AEA-DEA6E95A3F27}.Debug|Any CPU.ActiveCfg = Debug|Any CPU
		{DDB59200-60E4-43F4-8AEA-DEA6E95A3F27}.Debug|Any CPU.Build.0 = Debug|Any CPU
		{DDB59200-60E4-43F4-8AEA-DEA6E95A3F27}.Release|Any CPU.ActiveCfg = Release|Any CPU
		{DDB59200-60E4-43F4-8AEA-DEA6E95A3F27}.Release|Any CPU.Build.0 = Release|Any CPU
	EndGlobalSection
	GlobalSection(SolutionProperties) = preSolution
		HideSolutionNode = FALSE
	EndGlobalSection
EndGlobal
