<?xml version="1.0" encoding="utf-8"?>
<Project ToolsVersion="4.0" xmlns="http://schemas.microsoft.com/developer/msbuild/2003">
  <ItemGroup>
    <ClCompile Include="main.cpp" />
    <ClCompile Include="Log.cpp" />
    <ClCompile Include="Unity.cpp" />
  </ItemGroup>
  <ItemGroup>
    <ClInclude Include="LoadMonoDynamically.h" />
    <ClInclude Include="Unity.h" />
    <ClInclude Include="Log.h" />
    <ClInclude Include="MonoFunctions.h" />
    <ClInclude Include="MonoTypes.h" />
  </ItemGroup>
</Project>